# This file is automatically @generated by Poetry and should not be changed by hand.

[[package]]
name = "py-snappy"
version = "0.1.0a1"
description = "py-snappy: A pure python implementation of the Snappy compression algorithm"
category = "main"
optional = false
python-versions = ">=3.6, <4"
files = [
    {file = "py-snappy-0.1.0a1.tar.gz", hash = "sha256:92e58cd07736f0ba109228b0db1fba2568ab40fc1b03bffb0580fdb535bdbcde"},
    {file = "py_snappy-0.1.0a1-py3-none-any.whl", hash = "sha256:db94fa5ae96b740f886c0a3209fb8b02f51879f3b75cecefa21d838c745b9138"},
]

[package.extras]
dev = ["Sphinx (>=1.6.5,<2)", "black (==18.9b0)", "bumpversion (>=0.5.3,<1)", "flake8 (==3.4.1)", "hypothesis (==3.74.3)", "ipython", "mypy (==0.630)", "pytest (>=3.6.0)", "pytest-watch (>=4.1.0,<5)", "pytest-xdist", "python-snappy (>=0.5.3,<1)", "sphinx-rtd-theme (>=0.1.9)", "tox (>=2.9.1,<3)", "twine", "wheel"]
doc = ["Sphinx (>=1.6.5,<2)", "sphinx-rtd-theme (>=0.1.9)"]
lint = ["black (==18.9b0)", "flake8 (==3.4.1)", "mypy (==0.630)"]
test = ["hypothesis (==3.74.3)", "pytest (>=3.6.0)", "pytest-xdist", "python-snappy (>=0.5.3,<1)", "tox (>=2.9.1,<3)"]

[[package]]
name = "scapy"
version = "2.4.5"
description = "Scapy: interactive packet manipulation tool"
category = "main"
optional = false
python-versions = ">=2.7, !=3.0.*, !=3.1.*, !=3.2.*, !=3.3.*, <4"
files = [
    {file = "scapy-2.4.5.tar.gz", hash = "sha256:bc707e3604784496b6665a9e5b2a69c36cc9fb032af4864b29051531b24c8593"},
]

[package.extras]
basic = ["ipython"]
complete = ["cryptography (>=2.0)", "ipython", "matplotlib", "pyx"]
docs = ["sphinx (>=3.0.0)", "sphinx_rtd_theme (>=0.4.3)", "tox (>=3.0.0)"]

[metadata]
lock-version = "2.0"
python-versions = "^3.11"
content-hash = "3545f75e49803036650b143a2d58205bbc70862c541718af5474fe1a822df934"
